
Microsoft Visual Studio Solution File, Format Version 12.00
# Visual Studio Version 16
VisualStudioVersion = 25.0.1705.4
MinimumVisualStudioVersion = 10.0.40219.1
Project("{FAE04EC0-301F-11D3-BF4B-00C04F79EFBC}") = "dualing-traditions", "dualing-traditions.csproj", "{8C426621-D008-4193-AD49-0FC7F92CDEB7}"
EndProject
Global
	GlobalSection(SolutionConfigurationPlatforms) = preSolution
		Debug|Any CPU = Debug|Any CPU
		Release|Any CPU = Release|Any CPU
	EndGlobalSection
	GlobalSection(ProjectConfigurationPlatforms) = postSolution
		{8C426621-D008-4193-AD49-0FC7F92CDEB7}.Debug|Any CPU.ActiveCfg = Debug|Any CPU
		{8C426621-D008-4193-AD49-0FC7F92CDEB7}.Debug|Any CPU.Build.0 = Debug|Any CPU
		{8C426621-D008-4193-AD49-0FC7F92CDEB7}.Release|Any CPU.ActiveCfg = Release|Any CPU
		{8C426621-D008-4193-AD49-0FC7F92CDEB7}.Release|Any CPU.Build.0 = Release|Any CPU
	EndGlobalSection
	GlobalSection(SolutionProperties) = preSolution
		HideSolutionNode = FALSE
	EndGlobalSection
	GlobalSection(ExtensibilityGlobals) = postSolution
		SolutionGuid = {CE6FCE0A-1978-4984-896B-002D39679955}
	EndGlobalSection
EndGlobal
