
Microsoft Visual Studio Solution File, Format Version 12.00
# Visual Studio Version 16
VisualStudioVersion = 25.0.1705.4
MinimumVisualStudioVersion = 10.0.40219.1
Project("{FAE04EC0-301F-11D3-BF4B-00C04F79EFBC}") = "converting-directions-to-offsets", "converting-directions-to-offsets.csproj", "{708990E7-A803-468E-B36A-DADA65647798}"
EndProject
Global
	GlobalSection(SolutionConfigurationPlatforms) = preSolution
		Debug|Any CPU = Debug|Any CPU
		Release|Any CPU = Release|Any CPU
	EndGlobalSection
	GlobalSection(ProjectConfigurationPlatforms) = postSolution
		{708990E7-A803-468E-B36A-DADA65647798}.Debug|Any CPU.ActiveCfg = Debug|Any CPU
		{708990E7-A803-468E-B36A-DADA65647798}.Debug|Any CPU.Build.0 = Debug|Any CPU
		{708990E7-A803-468E-B36A-DADA65647798}.Release|Any CPU.ActiveCfg = Release|Any CPU
		{708990E7-A803-468E-B36A-DADA65647798}.Release|Any CPU.Build.0 = Release|Any CPU
	EndGlobalSection
	GlobalSection(SolutionProperties) = preSolution
		HideSolutionNode = FALSE
	EndGlobalSection
	GlobalSection(ExtensibilityGlobals) = postSolution
		SolutionGuid = {A0E74E09-96C1-442F-99EA-94A36C5B61DA}
	EndGlobalSection
EndGlobal
