
Microsoft Visual Studio Solution File, Format Version 12.00
# Visual Studio Version 16
VisualStudioVersion = 25.0.1705.0
MinimumVisualStudioVersion = 10.0.40219.1
Project("{FAE04EC0-301F-11D3-BF4B-00C04F79EFBC}") = "packing-inventory", "packing-inventory.csproj", "{9A58625D-B6EA-4E2A-A1F4-E6FDDDC54B76}"
EndProject
Global
	GlobalSection(SolutionConfigurationPlatforms) = preSolution
		Debug|Any CPU = Debug|Any CPU
		Release|Any CPU = Release|Any CPU
	EndGlobalSection
	GlobalSection(ProjectConfigurationPlatforms) = postSolution
		{9A58625D-B6EA-4E2A-A1F4-E6FDDDC54B76}.Debug|Any CPU.ActiveCfg = Debug|Any CPU
		{9A58625D-B6EA-4E2A-A1F4-E6FDDDC54B76}.Debug|Any CPU.Build.0 = Debug|Any CPU
		{9A58625D-B6EA-4E2A-A1F4-E6FDDDC54B76}.Release|Any CPU.ActiveCfg = Release|Any CPU
		{9A58625D-B6EA-4E2A-A1F4-E6FDDDC54B76}.Release|Any CPU.Build.0 = Release|Any CPU
	EndGlobalSection
	GlobalSection(SolutionProperties) = preSolution
		HideSolutionNode = FALSE
	EndGlobalSection
	GlobalSection(ExtensibilityGlobals) = postSolution
		SolutionGuid = {2704268D-F91F-482A-8427-76A96C3954C7}
	EndGlobalSection
EndGlobal
