
Microsoft Visual Studio Solution File, Format Version 12.00
# Visual Studio Version 16
VisualStudioVersion = 25.0.1705.0
MinimumVisualStudioVersion = 10.0.40219.1
Project("{FAE04EC0-301F-11D3-BF4B-00C04F79EFBC}") = "colored-items", "colored-items.csproj", "{D1FDA158-9F36-47DA-9768-A31C7134B011}"
EndProject
Global
	GlobalSection(SolutionConfigurationPlatforms) = preSolution
		Debug|Any CPU = Debug|Any CPU
		Release|Any CPU = Release|Any CPU
	EndGlobalSection
	GlobalSection(ProjectConfigurationPlatforms) = postSolution
		{D1FDA158-9F36-47DA-9768-A31C7134B011}.Debug|Any CPU.ActiveCfg = Debug|Any CPU
		{D1FDA158-9F36-47DA-9768-A31C7134B011}.Debug|Any CPU.Build.0 = Debug|Any CPU
		{D1FDA158-9F36-47DA-9768-A31C7134B011}.Release|Any CPU.ActiveCfg = Release|Any CPU
		{D1FDA158-9F36-47DA-9768-A31C7134B011}.Release|Any CPU.Build.0 = Release|Any CPU
	EndGlobalSection
	GlobalSection(SolutionProperties) = preSolution
		HideSolutionNode = FALSE
	EndGlobalSection
	GlobalSection(ExtensibilityGlobals) = postSolution
		SolutionGuid = {FFAEBE12-849C-468F-A8FB-424F7E068EB1}
	EndGlobalSection
EndGlobal
