
Microsoft Visual Studio Solution File, Format Version 12.00
# Visual Studio Version 16
VisualStudioVersion = 25.0.1705.0
MinimumVisualStudioVersion = 10.0.40219.1
Project("{FAE04EC0-301F-11D3-BF4B-00C04F79EFBC}") = "the-fountain-of-objects", "the-fountain-of-objects.csproj", "{10DCA424-7467-4438-A91D-AADF30E0192C}"
EndProject
Global
	GlobalSection(SolutionConfigurationPlatforms) = preSolution
		Debug|Any CPU = Debug|Any CPU
		Release|Any CPU = Release|Any CPU
	EndGlobalSection
	GlobalSection(ProjectConfigurationPlatforms) = postSolution
		{10DCA424-7467-4438-A91D-AADF30E0192C}.Debug|Any CPU.ActiveCfg = Debug|Any CPU
		{10DCA424-7467-4438-A91D-AADF30E0192C}.Debug|Any CPU.Build.0 = Debug|Any CPU
		{10DCA424-7467-4438-A91D-AADF30E0192C}.Release|Any CPU.ActiveCfg = Release|Any CPU
		{10DCA424-7467-4438-A91D-AADF30E0192C}.Release|Any CPU.Build.0 = Release|Any CPU
	EndGlobalSection
	GlobalSection(SolutionProperties) = preSolution
		HideSolutionNode = FALSE
	EndGlobalSection
	GlobalSection(ExtensibilityGlobals) = postSolution
		SolutionGuid = {7280F52D-CA0C-49AA-A4B3-1E236CD01207}
	EndGlobalSection
EndGlobal
