
Microsoft Visual Studio Solution File, Format Version 12.00
# Visual Studio Version 16
VisualStudioVersion = 25.0.1705.4
MinimumVisualStudioVersion = 10.0.40219.1
Project("{FAE04EC0-301F-11D3-BF4B-00C04F79EFBC}") = "the-long-game", "the-long-game.csproj", "{63A56054-1D14-4BED-9C1D-00CAC7C20C4F}"
EndProject
Global
	GlobalSection(SolutionConfigurationPlatforms) = preSolution
		Debug|Any CPU = Debug|Any CPU
		Release|Any CPU = Release|Any CPU
	EndGlobalSection
	GlobalSection(ProjectConfigurationPlatforms) = postSolution
		{63A56054-1D14-4BED-9C1D-00CAC7C20C4F}.Debug|Any CPU.ActiveCfg = Debug|Any CPU
		{63A56054-1D14-4BED-9C1D-00CAC7C20C4F}.Debug|Any CPU.Build.0 = Debug|Any CPU
		{63A56054-1D14-4BED-9C1D-00CAC7C20C4F}.Release|Any CPU.ActiveCfg = Release|Any CPU
		{63A56054-1D14-4BED-9C1D-00CAC7C20C4F}.Release|Any CPU.Build.0 = Release|Any CPU
	EndGlobalSection
	GlobalSection(SolutionProperties) = preSolution
		HideSolutionNode = FALSE
	EndGlobalSection
	GlobalSection(ExtensibilityGlobals) = postSolution
		SolutionGuid = {E3E073A5-659B-4EB2-9D90-A1054D58B38B}
	EndGlobalSection
EndGlobal
