
Microsoft Visual Studio Solution File, Format Version 12.00
# Visual Studio Version 16
VisualStudioVersion = 25.0.1705.0
MinimumVisualStudioVersion = 10.0.40219.1
Project("{FAE04EC0-301F-11D3-BF4B-00C04F79EFBC}") = "small-medium-large", "small-medium-large.csproj", "{F2340B40-E51F-4D20-B385-3CC9D2405C0B}"
EndProject
Global
	GlobalSection(SolutionConfigurationPlatforms) = preSolution
		Debug|Any CPU = Debug|Any CPU
		Release|Any CPU = Release|Any CPU
	EndGlobalSection
	GlobalSection(ProjectConfigurationPlatforms) = postSolution
		{F2340B40-E51F-4D20-B385-3CC9D2405C0B}.Debug|Any CPU.ActiveCfg = Debug|Any CPU
		{F2340B40-E51F-4D20-B385-3CC9D2405C0B}.Debug|Any CPU.Build.0 = Debug|Any CPU
		{F2340B40-E51F-4D20-B385-3CC9D2405C0B}.Release|Any CPU.ActiveCfg = Release|Any CPU
		{F2340B40-E51F-4D20-B385-3CC9D2405C0B}.Release|Any CPU.Build.0 = Release|Any CPU
	EndGlobalSection
	GlobalSection(SolutionProperties) = preSolution
		HideSolutionNode = FALSE
	EndGlobalSection
	GlobalSection(ExtensibilityGlobals) = postSolution
		SolutionGuid = {561268E2-B038-45E0-8E77-11EFFE488EBE}
	EndGlobalSection
EndGlobal
