
Microsoft Visual Studio Solution File, Format Version 12.00
# Visual Studio Version 16
VisualStudioVersion = 25.0.1705.0
MinimumVisualStudioVersion = 10.0.40219.1
Project("{FAE04EC0-301F-11D3-BF4B-00C04F79EFBC}") = "the-triangle-farmer", "the-triangle-farmer.csproj", "{F2B76346-D40F-4AAB-9186-5830D7452AA5}"
EndProject
Global
	GlobalSection(SolutionConfigurationPlatforms) = preSolution
		Debug|Any CPU = Debug|Any CPU
		Release|Any CPU = Release|Any CPU
	EndGlobalSection
	GlobalSection(ProjectConfigurationPlatforms) = postSolution
		{F2B76346-D40F-4AAB-9186-5830D7452AA5}.Debug|Any CPU.ActiveCfg = Debug|Any CPU
		{F2B76346-D40F-4AAB-9186-5830D7452AA5}.Debug|Any CPU.Build.0 = Debug|Any CPU
		{F2B76346-D40F-4AAB-9186-5830D7452AA5}.Release|Any CPU.ActiveCfg = Release|Any CPU
		{F2B76346-D40F-4AAB-9186-5830D7452AA5}.Release|Any CPU.Build.0 = Release|Any CPU
	EndGlobalSection
	GlobalSection(SolutionProperties) = preSolution
		HideSolutionNode = FALSE
	EndGlobalSection
	GlobalSection(ExtensibilityGlobals) = postSolution
		SolutionGuid = {3E71DEC0-0101-4112-893E-0B1B60168B38}
	EndGlobalSection
EndGlobal
