
Microsoft Visual Studio Solution File, Format Version 12.00
# Visual Studio Version 16
VisualStudioVersion = 25.0.1705.4
MinimumVisualStudioVersion = 10.0.40219.1
Project("{FAE04EC0-301F-11D3-BF4B-00C04F79EFBC}") = "charberry-trees", "charberry-trees.csproj", "{DFBF70ED-CF3F-4B64-8A97-8B9B1384824E}"
EndProject
Global
	GlobalSection(SolutionConfigurationPlatforms) = preSolution
		Debug|Any CPU = Debug|Any CPU
		Release|Any CPU = Release|Any CPU
	EndGlobalSection
	GlobalSection(ProjectConfigurationPlatforms) = postSolution
		{DFBF70ED-CF3F-4B64-8A97-8B9B1384824E}.Debug|Any CPU.ActiveCfg = Debug|Any CPU
		{DFBF70ED-CF3F-4B64-8A97-8B9B1384824E}.Debug|Any CPU.Build.0 = Debug|Any CPU
		{DFBF70ED-CF3F-4B64-8A97-8B9B1384824E}.Release|Any CPU.ActiveCfg = Release|Any CPU
		{DFBF70ED-CF3F-4B64-8A97-8B9B1384824E}.Release|Any CPU.Build.0 = Release|Any CPU
	EndGlobalSection
	GlobalSection(SolutionProperties) = preSolution
		HideSolutionNode = FALSE
	EndGlobalSection
	GlobalSection(ExtensibilityGlobals) = postSolution
		SolutionGuid = {805EC5D7-DD35-465E-8461-8C00E40D198E}
	EndGlobalSection
EndGlobal
