
Microsoft Visual Studio Solution File, Format Version 12.00
# Visual Studio Version 16
VisualStudioVersion = 25.0.1705.0
MinimumVisualStudioVersion = 10.0.40219.1
Project("{FAE04EC0-301F-11D3-BF4B-00C04F79EFBC}") = "consolas-and-telim", "consolas-and-telim.csproj", "{71DDA91A-B5B4-402E-B3C7-9E3A22D32FBE}"
EndProject
Global
	GlobalSection(SolutionConfigurationPlatforms) = preSolution
		Debug|Any CPU = Debug|Any CPU
		Release|Any CPU = Release|Any CPU
	EndGlobalSection
	GlobalSection(ProjectConfigurationPlatforms) = postSolution
		{71DDA91A-B5B4-402E-B3C7-9E3A22D32FBE}.Debug|Any CPU.ActiveCfg = Debug|Any CPU
		{71DDA91A-B5B4-402E-B3C7-9E3A22D32FBE}.Debug|Any CPU.Build.0 = Debug|Any CPU
		{71DDA91A-B5B4-402E-B3C7-9E3A22D32FBE}.Release|Any CPU.ActiveCfg = Release|Any CPU
		{71DDA91A-B5B4-402E-B3C7-9E3A22D32FBE}.Release|Any CPU.Build.0 = Release|Any CPU
	EndGlobalSection
	GlobalSection(SolutionProperties) = preSolution
		HideSolutionNode = FALSE
	EndGlobalSection
	GlobalSection(ExtensibilityGlobals) = postSolution
		SolutionGuid = {5B9268BC-5C8E-4695-9F06-CFCF478CDC00}
	EndGlobalSection
EndGlobal
