
Microsoft Visual Studio Solution File, Format Version 12.00
# Visual Studio Version 16
VisualStudioVersion = 25.0.1705.0
MinimumVisualStudioVersion = 10.0.40219.1
Project("{FAE04EC0-301F-11D3-BF4B-00C04F79EFBC}") = "repairing-the-clock-tower", "repairing-the-clock-tower.csproj", "{FB03D07C-BE14-4156-AA23-3BAFB09E8E7F}"
EndProject
Global
	GlobalSection(SolutionConfigurationPlatforms) = preSolution
		Debug|Any CPU = Debug|Any CPU
		Release|Any CPU = Release|Any CPU
	EndGlobalSection
	GlobalSection(ProjectConfigurationPlatforms) = postSolution
		{FB03D07C-BE14-4156-AA23-3BAFB09E8E7F}.Debug|Any CPU.ActiveCfg = Debug|Any CPU
		{FB03D07C-BE14-4156-AA23-3BAFB09E8E7F}.Debug|Any CPU.Build.0 = Debug|Any CPU
		{FB03D07C-BE14-4156-AA23-3BAFB09E8E7F}.Release|Any CPU.ActiveCfg = Release|Any CPU
		{FB03D07C-BE14-4156-AA23-3BAFB09E8E7F}.Release|Any CPU.Build.0 = Release|Any CPU
	EndGlobalSection
	GlobalSection(SolutionProperties) = preSolution
		HideSolutionNode = FALSE
	EndGlobalSection
	GlobalSection(ExtensibilityGlobals) = postSolution
		SolutionGuid = {6FFB3E0B-C55E-4E97-A63D-03EEF38291D0}
	EndGlobalSection
EndGlobal
