
Microsoft Visual Studio Solution File, Format Version 12.00
# Visual Studio Version 16
VisualStudioVersion = 25.0.1705.0
MinimumVisualStudioVersion = 10.0.40219.1
Project("{FAE04EC0-301F-11D3-BF4B-00C04F79EFBC}") = "the-variable-shop", "the-variable-shop.csproj", "{A482C792-AB1D-410C-8E09-DDB005B6A36C}"
EndProject
Global
	GlobalSection(SolutionConfigurationPlatforms) = preSolution
		Debug|Any CPU = Debug|Any CPU
		Release|Any CPU = Release|Any CPU
	EndGlobalSection
	GlobalSection(ProjectConfigurationPlatforms) = postSolution
		{A482C792-AB1D-410C-8E09-DDB005B6A36C}.Debug|Any CPU.ActiveCfg = Debug|Any CPU
		{A482C792-AB1D-410C-8E09-DDB005B6A36C}.Debug|Any CPU.Build.0 = Debug|Any CPU
		{A482C792-AB1D-410C-8E09-DDB005B6A36C}.Release|Any CPU.ActiveCfg = Release|Any CPU
		{A482C792-AB1D-410C-8E09-DDB005B6A36C}.Release|Any CPU.Build.0 = Release|Any CPU
	EndGlobalSection
	GlobalSection(SolutionProperties) = preSolution
		HideSolutionNode = FALSE
	EndGlobalSection
	GlobalSection(ExtensibilityGlobals) = postSolution
		SolutionGuid = {74E1FFBF-CA26-41BC-A91A-1E52A166973C}
	EndGlobalSection
EndGlobal
