
Microsoft Visual Studio Solution File, Format Version 12.00
# Visual Studio Version 16
VisualStudioVersion = 25.0.1705.4
MinimumVisualStudioVersion = 10.0.40219.1
Project("{FAE04EC0-301F-11D3-BF4B-00C04F79EFBC}") = "navigating-operand-city", "navigating-operand-city.csproj", "{3FFEF4C0-DCAB-4BE6-8FC1-F1F0EC4711E8}"
EndProject
Global
	GlobalSection(SolutionConfigurationPlatforms) = preSolution
		Debug|Any CPU = Debug|Any CPU
		Release|Any CPU = Release|Any CPU
	EndGlobalSection
	GlobalSection(ProjectConfigurationPlatforms) = postSolution
		{3FFEF4C0-DCAB-4BE6-8FC1-F1F0EC4711E8}.Debug|Any CPU.ActiveCfg = Debug|Any CPU
		{3FFEF4C0-DCAB-4BE6-8FC1-F1F0EC4711E8}.Debug|Any CPU.Build.0 = Debug|Any CPU
		{3FFEF4C0-DCAB-4BE6-8FC1-F1F0EC4711E8}.Release|Any CPU.ActiveCfg = Release|Any CPU
		{3FFEF4C0-DCAB-4BE6-8FC1-F1F0EC4711E8}.Release|Any CPU.Build.0 = Release|Any CPU
	EndGlobalSection
	GlobalSection(SolutionProperties) = preSolution
		HideSolutionNode = FALSE
	EndGlobalSection
	GlobalSection(ExtensibilityGlobals) = postSolution
		SolutionGuid = {C58E6C67-C267-4F6A-BE59-373F2373EEAC}
	EndGlobalSection
EndGlobal
