
Microsoft Visual Studio Solution File, Format Version 12.00
# Visual Studio Version 16
VisualStudioVersion = 25.0.1705.4
MinimumVisualStudioVersion = 10.0.40219.1
Project("{FAE04EC0-301F-11D3-BF4B-00C04F79EFBC}") = "better-random", "better-random.csproj", "{B77AD28E-56B5-43C6-8FA2-AEA6ED7EC867}"
EndProject
Global
	GlobalSection(SolutionConfigurationPlatforms) = preSolution
		Debug|Any CPU = Debug|Any CPU
		Release|Any CPU = Release|Any CPU
	EndGlobalSection
	GlobalSection(ProjectConfigurationPlatforms) = postSolution
		{B77AD28E-56B5-43C6-8FA2-AEA6ED7EC867}.Debug|Any CPU.ActiveCfg = Debug|Any CPU
		{B77AD28E-56B5-43C6-8FA2-AEA6ED7EC867}.Debug|Any CPU.Build.0 = Debug|Any CPU
		{B77AD28E-56B5-43C6-8FA2-AEA6ED7EC867}.Release|Any CPU.ActiveCfg = Release|Any CPU
		{B77AD28E-56B5-43C6-8FA2-AEA6ED7EC867}.Release|Any CPU.Build.0 = Release|Any CPU
	EndGlobalSection
	GlobalSection(SolutionProperties) = preSolution
		HideSolutionNode = FALSE
	EndGlobalSection
	GlobalSection(ExtensibilityGlobals) = postSolution
		SolutionGuid = {8A4B1330-B2D9-44BC-825A-11EE28A98645}
	EndGlobalSection
EndGlobal
