
Microsoft Visual Studio Solution File, Format Version 12.00
# Visual Studio Version 16
VisualStudioVersion = 25.0.1705.4
MinimumVisualStudioVersion = 10.0.40219.1
Project("{FAE04EC0-301F-11D3-BF4B-00C04F79EFBC}") = "time-in-the-cavern", "time-in-the-cavern.csproj", "{A847C100-2A7B-4CF0-8AE6-FA3CE652090F}"
EndProject
Global
	GlobalSection(SolutionConfigurationPlatforms) = preSolution
		Debug|Any CPU = Debug|Any CPU
		Release|Any CPU = Release|Any CPU
	EndGlobalSection
	GlobalSection(ProjectConfigurationPlatforms) = postSolution
		{A847C100-2A7B-4CF0-8AE6-FA3CE652090F}.Debug|Any CPU.ActiveCfg = Debug|Any CPU
		{A847C100-2A7B-4CF0-8AE6-FA3CE652090F}.Debug|Any CPU.Build.0 = Debug|Any CPU
		{A847C100-2A7B-4CF0-8AE6-FA3CE652090F}.Release|Any CPU.ActiveCfg = Release|Any CPU
		{A847C100-2A7B-4CF0-8AE6-FA3CE652090F}.Release|Any CPU.Build.0 = Release|Any CPU
	EndGlobalSection
	GlobalSection(SolutionProperties) = preSolution
		HideSolutionNode = FALSE
	EndGlobalSection
	GlobalSection(ExtensibilityGlobals) = postSolution
		SolutionGuid = {3016D830-A036-419D-BDAC-16D7762127FC}
	EndGlobalSection
EndGlobal
