
Microsoft Visual Studio Solution File, Format Version 12.00
# Visual Studio Version 16
VisualStudioVersion = 25.0.1705.0
MinimumVisualStudioVersion = 10.0.40219.1
Project("{FAE04EC0-301F-11D3-BF4B-00C04F79EFBC}") = "buying-inventory", "buying-inventory.csproj", "{1AD8249B-DF6B-414A-830B-36BCBF72F506}"
EndProject
Global
	GlobalSection(SolutionConfigurationPlatforms) = preSolution
		Debug|Any CPU = Debug|Any CPU
		Release|Any CPU = Release|Any CPU
	EndGlobalSection
	GlobalSection(ProjectConfigurationPlatforms) = postSolution
		{1AD8249B-DF6B-414A-830B-36BCBF72F506}.Debug|Any CPU.ActiveCfg = Debug|Any CPU
		{1AD8249B-DF6B-414A-830B-36BCBF72F506}.Debug|Any CPU.Build.0 = Debug|Any CPU
		{1AD8249B-DF6B-414A-830B-36BCBF72F506}.Release|Any CPU.ActiveCfg = Release|Any CPU
		{1AD8249B-DF6B-414A-830B-36BCBF72F506}.Release|Any CPU.Build.0 = Release|Any CPU
	EndGlobalSection
	GlobalSection(SolutionProperties) = preSolution
		HideSolutionNode = FALSE
	EndGlobalSection
	GlobalSection(ExtensibilityGlobals) = postSolution
		SolutionGuid = {02E6F4C4-1838-4883-9ABA-CCD7C256EC68}
	EndGlobalSection
EndGlobal
