
Microsoft Visual Studio Solution File, Format Version 12.00
# Visual Studio Version 16
VisualStudioVersion = 25.0.1705.0
MinimumVisualStudioVersion = 10.0.40219.1
Project("{FAE04EC0-301F-11D3-BF4B-00C04F79EFBC}") = "dominion-of-kings", "dominion-of-kings.csproj", "{BEFCBB96-043C-4BBB-974E-6E50F15148BB}"
EndProject
Global
	GlobalSection(SolutionConfigurationPlatforms) = preSolution
		Debug|Any CPU = Debug|Any CPU
		Release|Any CPU = Release|Any CPU
	EndGlobalSection
	GlobalSection(ProjectConfigurationPlatforms) = postSolution
		{BEFCBB96-043C-4BBB-974E-6E50F15148BB}.Debug|Any CPU.ActiveCfg = Debug|Any CPU
		{BEFCBB96-043C-4BBB-974E-6E50F15148BB}.Debug|Any CPU.Build.0 = Debug|Any CPU
		{BEFCBB96-043C-4BBB-974E-6E50F15148BB}.Release|Any CPU.ActiveCfg = Release|Any CPU
		{BEFCBB96-043C-4BBB-974E-6E50F15148BB}.Release|Any CPU.Build.0 = Release|Any CPU
	EndGlobalSection
	GlobalSection(SolutionProperties) = preSolution
		HideSolutionNode = FALSE
	EndGlobalSection
	GlobalSection(ExtensibilityGlobals) = postSolution
		SolutionGuid = {A0455205-429A-44F3-B4C2-F8279E0F50B0}
	EndGlobalSection
EndGlobal
