
Microsoft Visual Studio Solution File, Format Version 12.00
# Visual Studio Version 16
VisualStudioVersion = 25.0.1705.0
MinimumVisualStudioVersion = 10.0.40219.1
Project("{FAE04EC0-301F-11D3-BF4B-00C04F79EFBC}") = "entering-the-catacombs", "entering-the-catacombs.csproj", "{B8734547-E8A9-4BE8-B06A-BFBC8568A95A}"
EndProject
Global
	GlobalSection(SolutionConfigurationPlatforms) = preSolution
		Debug|Any CPU = Debug|Any CPU
		Release|Any CPU = Release|Any CPU
	EndGlobalSection
	GlobalSection(ProjectConfigurationPlatforms) = postSolution
		{B8734547-E8A9-4BE8-B06A-BFBC8568A95A}.Debug|Any CPU.ActiveCfg = Debug|Any CPU
		{B8734547-E8A9-4BE8-B06A-BFBC8568A95A}.Debug|Any CPU.Build.0 = Debug|Any CPU
		{B8734547-E8A9-4BE8-B06A-BFBC8568A95A}.Release|Any CPU.ActiveCfg = Release|Any CPU
		{B8734547-E8A9-4BE8-B06A-BFBC8568A95A}.Release|Any CPU.Build.0 = Release|Any CPU
	EndGlobalSection
	GlobalSection(SolutionProperties) = preSolution
		HideSolutionNode = FALSE
	EndGlobalSection
	GlobalSection(ExtensibilityGlobals) = postSolution
		SolutionGuid = {A5C9120C-61AD-49F4-AC78-2112A57EFC2E}
	EndGlobalSection
EndGlobal
